
Microsoft Visual Studio Solution File, Format Version 12.00
# Visual Studio Version 17
VisualStudioVersion = 17.0.31903.59
MinimumVisualStudioVersion = 10.0.40219.1
Project("{FAE04EC0-301F-11D3-BF4B-00C04F79EFBC}") = "PRN232.LMS.API", "PRN232.LMS.API\PRN232.LMS.API.csproj", "{1A18A033-1371-43EA-B2C2-30ABDA816FA8}"
EndProject
Project("{FAE04EC0-301F-11D3-BF4B-00C04F79EFBC}") = "PRN232.LMS.Services", "PRN232.LMS.Services\PRN232.LMS.Services.csproj", "{01161627-6BD9-479B-B1F7-1591BB09E978}"
EndProject
Project("{FAE04EC0-301F-11D3-BF4B-00C04F79EFBC}") = "PRN232.LMS.Repositories", "PRN232.LMS.Repositories\PRN232.LMS.Repositories.csproj", "{FA30CD09-3B94-44CC-9D3F-34B443669D2B}"
EndProject
Project("{FAE04EC0-301F-11D3-BF4B-00C04F79EFBC}") = "PRN232.LMS.BusinessModels", "PRN232.LMS.BusinessModels\PRN232.LMS.BusinessModels.csproj", "{69D78510-8C4E-488D-8F9A-6012BCA261D7}"
EndProject
Global
	GlobalSection(SolutionConfigurationPlatforms) = preSolution
		Debug|Any CPU = Debug|Any CPU
		Debug|x64 = Debug|x64
		Debug|x86 = Debug|x86
		Release|Any CPU = Release|Any CPU
		Release|x64 = Release|x64
		Release|x86 = Release|x86
	EndGlobalSection
	GlobalSection(ProjectConfigurationPlatforms) = postSolution
		{1A18A033-1371-43EA-B2C2-30ABDA816FA8}.Debug|Any CPU.ActiveCfg = Debug|Any CPU
		{1A18A033-1371-43EA-B2C2-30ABDA816FA8}.Debug|Any CPU.Build.0 = Debug|Any CPU
		{1A18A033-1371-43EA-B2C2-30ABDA816FA8}.Debug|x64.ActiveCfg = Debug|Any CPU
		{1A18A033-1371-43EA-B2C2-30ABDA816FA8}.Debug|x64.Build.0 = Debug|Any CPU
		{1A18A033-1371-43EA-B2C2-30ABDA816FA8}.Debug|x86.ActiveCfg = Debug|Any CPU
		{1A18A033-1371-43EA-B2C2-30ABDA816FA8}.Debug|x86.Build.0 = Debug|Any CPU
		{1A18A033-1371-43EA-B2C2-30ABDA816FA8}.Release|Any CPU.ActiveCfg = Release|Any CPU
		{1A18A033-1371-43EA-B2C2-30ABDA816FA8}.Release|Any CPU.Build.0 = Release|Any CPU
		{1A18A033-1371-43EA-B2C2-30ABDA816FA8}.Release|x64.ActiveCfg = Release|Any CPU
		{1A18A033-1371-43EA-B2C2-30ABDA816FA8}.Release|x64.Build.0 = Release|Any CPU
		{1A18A033-1371-43EA-B2C2-30ABDA816FA8}.Release|x86.ActiveCfg = Release|Any CPU
		{1A18A033-1371-43EA-B2C2-30ABDA816FA8}.Release|x86.Build.0 = Release|Any CPU
		{01161627-6BD9-479B-B1F7-1591BB09E978}.Debug|Any CPU.ActiveCfg = Debug|Any CPU
		{01161627-6BD9-479B-B1F7-1591BB09E978}.Debug|Any CPU.Build.0 = Debug|Any CPU
		{01161627-6BD9-479B-B1F7-1591BB09E978}.Debug|x64.ActiveCfg = Debug|Any CPU
		{01161627-6BD9-479B-B1F7-1591BB09E978}.Debug|x64.Build.0 = Debug|Any CPU
		{01161627-6BD9-479B-B1F7-1591BB09E978}.Debug|x86.ActiveCfg = Debug|Any CPU
		{01161627-6BD9-479B-B1F7-1591BB09E978}.Debug|x86.Build.0 = Debug|Any CPU
		{01161627-6BD9-479B-B1F7-1591BB09E978}.Release|Any CPU.ActiveCfg = Release|Any CPU
		{01161627-6BD9-479B-B1F7-1591BB09E978}.Release|Any CPU.Build.0 = Release|Any CPU
		{01161627-6BD9-479B-B1F7-1591BB09E978}.Release|x64.ActiveCfg = Release|Any CPU
		{01161627-6BD9-479B-B1F7-1591BB09E978}.Release|x64.Build.0 = Release|Any CPU
		{01161627-6BD9-479B-B1F7-1591BB09E978}.Release|x86.ActiveCfg = Release|Any CPU
		{01161627-6BD9-479B-B1F7-1591BB09E978}.Release|x86.Build.0 = Release|Any CPU
		{FA30CD09-3B94-44CC-9D3F-34B443669D2B}.Debug|Any CPU.ActiveCfg = Debug|Any CPU
		{FA30CD09-3B94-44CC-9D3F-34B443669D2B}.Debug|Any CPU.Build.0 = Debug|Any CPU
		{FA30CD09-3B94-44CC-9D3F-34B443669D2B}.Debug|x64.ActiveCfg = Debug|Any CPU
		{FA30CD09-3B94-44CC-9D3F-34B443669D2B}.Debug|x64.Build.0 = Debug|Any CPU
		{FA30CD09-3B94-44CC-9D3F-34B443669D2B}.Debug|x86.ActiveCfg = Debug|Any CPU
		{FA30CD09-3B94-44CC-9D3F-34B443669D2B}.Debug|x86.Build.0 = Debug|Any CPU
		{FA30CD09-3B94-44CC-9D3F-34B443669D2B}.Release|Any CPU.ActiveCfg = Release|Any CPU
		{FA30CD09-3B94-44CC-9D3F-34B443669D2B}.Release|Any CPU.Build.0 = Release|Any CPU
		{FA30CD09-3B94-44CC-9D3F-34B443669D2B}.Release|x64.ActiveCfg = Release|Any CPU
		{FA30CD09-3B94-44CC-9D3F-34B443669D2B}.Release|x64.Build.0 = Release|Any CPU
		{FA30CD09-3B94-44CC-9D3F-34B443669D2B}.Release|x86.ActiveCfg = Release|Any CPU
		{FA30CD09-3B94-44CC-9D3F-34B443669D2B}.Release|x86.Build.0 = Release|Any CPU
		{69D78510-8C4E-488D-8F9A-6012BCA261D7}.Debug|Any CPU.ActiveCfg = Debug|Any CPU
		{69D78510-8C4E-488D-8F9A-6012BCA261D7}.Debug|Any CPU.Build.0 = Debug|Any CPU
		{69D78510-8C4E-488D-8F9A-6012BCA261D7}.Debug|x64.ActiveCfg = Debug|Any CPU
		{69D78510-8C4E-488D-8F9A-6012BCA261D7}.Debug|x64.Build.0 = Debug|Any CPU
		{69D78510-8C4E-488D-8F9A-6012BCA261D7}.Debug|x86.ActiveCfg = Debug|Any CPU
		{69D78510-8C4E-488D-8F9A-6012BCA261D7}.Debug|x86.Build.0 = Debug|Any CPU
		{69D78510-8C4E-488D-8F9A-6012BCA261D7}.Release|Any CPU.ActiveCfg = Release|Any CPU
		{69D78510-8C4E-488D-8F9A-6012BCA261D7}.Release|Any CPU.Build.0 = Release|Any CPU
		{69D78510-8C4E-488D-8F9A-6012BCA261D7}.Release|x64.ActiveCfg = Release|Any CPU
		{69D78510-8C4E-488D-8F9A-6012BCA261D7}.Release|x64.Build.0 = Release|Any CPU
		{69D78510-8C4E-488D-8F9A-6012BCA261D7}.Release|x86.ActiveCfg = Release|Any CPU
		{69D78510-8C4E-488D-8F9A-6012BCA261D7}.Release|x86.Build.0 = Release|Any CPU
	EndGlobalSection
	GlobalSection(SolutionProperties) = preSolution
		HideSolutionNode = FALSE
	EndGlobalSection
EndGlobal
